
Microsoft Visual Studio Solution File, Format Version 12.00
# Visual Studio Version 17
VisualStudioVersion = 17.0.32112.339
MinimumVisualStudioVersion = 10.0.40219.1
Project("{FAE04EC0-301F-11D3-BF4B-00C04F79EFBC}") = "Dominisoft.Nokates.Core", "Dominisoft.Nokates.Core\Dominisoft.Nokates.Core.csproj", "{CF694321-DAAB-4D2B-B10B-D8A907B54AB5}"
EndProject
Project("{FAE04EC0-301F-11D3-BF4B-00C04F79EFBC}") = "Dominisoft.Nokates.Core.Tests", "Dominisoft.Nokates.Core.Tests\Dominisoft.Nokates.Core.Tests.csproj", "{C1163398-6489-4988-815C-4D8AABE506FC}"
EndProject
Global
	GlobalSection(SolutionConfigurationPlatforms) = preSolution
		Debug|Any CPU = Debug|Any CPU
		Release|Any CPU = Release|Any CPU
	EndGlobalSection
	GlobalSection(ProjectConfigurationPlatforms) = postSolution
		{CF694321-DAAB-4D2B-B10B-D8A907B54AB5}.Debug|Any CPU.ActiveCfg = Debug|Any CPU
		{CF694321-DAAB-4D2B-B10B-D8A907B54AB5}.Debug|Any CPU.Build.0 = Debug|Any CPU
		{CF694321-DAAB-4D2B-B10B-D8A907B54AB5}.Release|Any CPU.ActiveCfg = Release|Any CPU
		{CF694321-DAAB-4D2B-B10B-D8A907B54AB5}.Release|Any CPU.Build.0 = Release|Any CPU
		{C1163398-6489-4988-815C-4D8AABE506FC}.Debug|Any CPU.ActiveCfg = Debug|Any CPU
		{C1163398-6489-4988-815C-4D8AABE506FC}.Debug|Any CPU.Build.0 = Debug|Any CPU
		{C1163398-6489-4988-815C-4D8AABE506FC}.Release|Any CPU.ActiveCfg = Release|Any CPU
		{C1163398-6489-4988-815C-4D8AABE506FC}.Release|Any CPU.Build.0 = Release|Any CPU
	EndGlobalSection
	GlobalSection(SolutionProperties) = preSolution
		HideSolutionNode = FALSE
	EndGlobalSection
	GlobalSection(ExtensibilityGlobals) = postSolution
		SolutionGuid = {C09F8C07-E882-49AF-89E7-9D677DCCE06F}
	EndGlobalSection
EndGlobal
